
Microsoft Visual Studio Solution File, Format Version 12.00
# Visual Studio Version 16
VisualStudioVersion = 16.0.30717.126
MinimumVisualStudioVersion = 10.0.40219.1
Project("{FAE04EC0-301F-11D3-BF4B-00C04F79EFBC}") = "IQA-RecordingApplication", "IQA-RecordingApplication\IQA-RecordingApplication.csproj", "{854ADD76-F35D-4254-B620-01946E16D6CE}"
EndProject
Global
	GlobalSection(SolutionConfigurationPlatforms) = preSolution
		Debug|Any CPU = Debug|Any CPU
		Release|Any CPU = Release|Any CPU
	EndGlobalSection
	GlobalSection(ProjectConfigurationPlatforms) = postSolution
		{854ADD76-F35D-4254-B620-01946E16D6CE}.Debug|Any CPU.ActiveCfg = Debug|Any CPU
		{854ADD76-F35D-4254-B620-01946E16D6CE}.Debug|Any CPU.Build.0 = Debug|Any CPU
		{854ADD76-F35D-4254-B620-01946E16D6CE}.Release|Any CPU.ActiveCfg = Release|Any CPU
		{854ADD76-F35D-4254-B620-01946E16D6CE}.Release|Any CPU.Build.0 = Release|Any CPU
	EndGlobalSection
	GlobalSection(SolutionProperties) = preSolution
		HideSolutionNode = FALSE
	EndGlobalSection
	GlobalSection(ExtensibilityGlobals) = postSolution
		SolutionGuid = {47DF6281-2D9E-421D-B294-EBEBCD5B9F35}
	EndGlobalSection
EndGlobal
